
Microsoft Visual Studio Solution File, Format Version 12.00
# Visual Studio Version 16
VisualStudioVersion = 25.0.1703.0
MinimumVisualStudioVersion = 10.0.40219.1
Project("{FAE04EC0-301F-11D3-BF4B-00C04F79EFBC}") = "CompanyEmployees", "CompanyEmployees\CompanyEmployees.csproj", "{085CFFA6-D71D-4599-8A54-700AEAAE0F78}"
EndProject
Global
	GlobalSection(SolutionConfigurationPlatforms) = preSolution
		Debug|Any CPU = Debug|Any CPU
		Release|Any CPU = Release|Any CPU
	EndGlobalSection
	GlobalSection(ProjectConfigurationPlatforms) = postSolution
		{085CFFA6-D71D-4599-8A54-700AEAAE0F78}.Debug|Any CPU.ActiveCfg = Debug|Any CPU
		{085CFFA6-D71D-4599-8A54-700AEAAE0F78}.Debug|Any CPU.Build.0 = Debug|Any CPU
		{085CFFA6-D71D-4599-8A54-700AEAAE0F78}.Release|Any CPU.ActiveCfg = Release|Any CPU
		{085CFFA6-D71D-4599-8A54-700AEAAE0F78}.Release|Any CPU.Build.0 = Release|Any CPU
	EndGlobalSection
	GlobalSection(SolutionProperties) = preSolution
		HideSolutionNode = FALSE
	EndGlobalSection
	GlobalSection(ExtensibilityGlobals) = postSolution
		SolutionGuid = {6846E112-250E-4CCB-A3D8-0C7031DFA90C}
	EndGlobalSection
EndGlobal
